<?xml version="1.0" encoding="utf-8"?>
<Project ToolsVersion="4.0" xmlns="http://schemas.microsoft.com/developer/msbuild/2003">
  <ItemGroup>
    <ClCompile Include="src\components\LifeComponent.cpp" />
    <ClCompile Include="src\components\RenderComponent.cpp" />
    <ClCompile Include="src\ecs\Component.cpp" />
    <ClCompile Include="src\ecs\Entity.cpp" />
    <ClCompile Include="src\managers\DataManager.cpp" />
    <ClCompile Include="src\ecs\Scene.cpp" />
    <ClCompile Include="src\Frog.cpp" />
    <ClCompile Include="src\game\Game.cpp" />
    <ClCompile Include="src\json\JSON.cpp" />
    <ClCompile Include="src\json\JSONValue.cpp" />
    <ClCompile Include="src\json\json_demo.cpp" />
    <ClCompile Include="src\managers\HUDManager.cpp" />
    <ClCompile Include="src\managers\InputManager.cpp" />
    <ClCompile Include="src\scenes\MenuInicio.cpp" />
    <ClCompile Include="src\scenes\RoomScene.cpp" />
    <ClCompile Include="src\sdlutils\SDLUtils.cpp" />
    <ClCompile Include="src\sdlutils\sdlutils_demo.cpp" />
    <ClCompile Include="src\sdlutils\sdlutils_game.cpp" />
    <ClCompile Include="src\sdlutils\SoundEffect.cpp" />
    <ClCompile Include="src\sdlutils\Texture.cpp" />
    <ClCompile Include="src\utils\assets.cpp" />
    <ClCompile Include="src\utils\Vector2D.cpp" />
    <ClCompile Include="src\managers\MapManager.cpp" />
    <ClCompile Include="src\components\MovementComponent.cpp" />
    <ClCompile Include="src\components\MoneyComponent.cpp" />
    <ClCompile Include="src\components\MovementComponentFly.cpp" />
    <ClCompile Include="src\utils\Button.cpp" />
    <ClCompile Include="src\components\MovementComponentFrog.cpp" />
    <ClCompile Include="src\components\FollowPlayerComponent.cpp" />
    <ClCompile Include="src\managers\CameraManager.cpp" />
    <ClCompile Include="src\components\AttackComponentFrog.cpp" />
    <ClCompile Include="src\components\RenderComponentFrog.cpp" />
    <ClCompile Include="src\components\DefenseComponent.cpp" />
    <ClCompile Include="src\components\AnimationComponent.cpp" />
    <ClCompile Include="src\components\TransitionComponent.cpp" />
    <ClCompile Include="src\components\FrogInputComponent.cpp" />
    <ClCompile Include="src\components\CrazyFrogIAComponent.cpp" />
    <ClCompile Include="src\components\MovementComponentFish.cpp" />
    <ClCompile Include="src\components\MovementComponentBlackAnt.cpp" />
    <ClCompile Include="src\components\MovementComponentRedAnt.cpp" />
  </ItemGroup>
  <ItemGroup>
    <ClInclude Include="src\components\LifeComponent.h" />
    <ClInclude Include="src\components\MoneyComponent.h" />
    <ClInclude Include="src\components\RenderComponent.h" />
    <ClInclude Include="src\ecs\Component.h" />
    <ClInclude Include="src\managers\DataManager.h" />
    <ClInclude Include="src\ecs\Entity.h" />
    <ClInclude Include="src\ecs\Scene.h" />
    <ClInclude Include="src\game\Game.h" />
    <ClInclude Include="src\json\JSON.h" />
    <ClInclude Include="src\json\JSONValue.h" />
    <ClInclude Include="src\json\json_demo.h" />
    <ClInclude Include="src\managers\HUDManager.h" />
    <ClInclude Include="src\scenes\MenuInicio.h" />
    <ClInclude Include="src\scenes\RoomScene.h" />
    <ClInclude Include="src\sdlutils\Font.h" />
    <ClInclude Include="src\sdlutils\InputHandler.h" />
    <ClInclude Include="src\sdlutils\macros.h" />
    <ClInclude Include="src\sdlutils\Music.h" />
    <ClInclude Include="src\sdlutils\RandomNumberGenerator.h" />
    <ClInclude Include="src\sdlutils\SDLNetUtils.h" />
    <ClInclude Include="src\sdlutils\SDLUtils.h" />
    <ClInclude Include="src\sdlutils\sdlutils_demo.h" />
    <ClInclude Include="src\sdlutils\sdlutils_game.h" />
    <ClInclude Include="src\sdlutils\SoundEffect.h" />
    <ClInclude Include="src\sdlutils\Texture.h" />
    <ClInclude Include="src\sdlutils\VirtualTimer.h" />
    <ClInclude Include="src\utils\assets.h" />
    <ClInclude Include="src\utils\Singleton.h" />
    <ClInclude Include="src\utils\Vector2D.h" />
    <ClInclude Include="src\components\MovementComponent.h" />
    <ClInclude Include="src\managers\MapManager.h" />
    <ClInclude Include="src\managers\InputManager.h" />
    <ClInclude Include="src\components\MovementComponentFly.h" />
    <ClInclude Include="src\utils\Button.h" />
    <ClInclude Include="src\components\MovementComponentFrog.h" />
    <ClInclude Include="src\components\FollowPlayerComponent.h" />
    <ClInclude Include="src\managers\CameraManager.h" />
    <ClInclude Include="src\components\AttackComponentFrog.h" />
    <ClInclude Include="src\components\RenderComponentFrog.h" />
    <ClInclude Include="src\components\DefenseComponent.h" />
    <ClInclude Include="src\components\AnimationComponent.h" />
    <ClInclude Include="src\components\TransitionComponent.h" />
    <ClInclude Include="src\components\FrogInputComponent.h" />
    <ClInclude Include="src\components\CrazyFrogIAComponent.h" />
    <ClInclude Include="src\components\MovementComponentFish.h" />
    <ClInclude Include="src\components\MovementComponentBlackAnt.h" />
    <ClInclude Include="src\components\MovementComponentRedAnt.h" />
  </ItemGroup>
  <ItemGroup>
    <ClCompile Include="src\Frog.cpp">
      <Filter>Archivos de origen</Filter>
    </ClCompile>
    <ClCompile Include="src\game\Game.cpp">
      <Filter>Archivos de origen</Filter>
    </ClCompile>
    <ClCompile Include="src\sdlutils\SDLUtils.cpp">
      <Filter>Archivos de origen</Filter>
    </ClCompile>
    <ClCompile Include="src\sdlutils\sdlutils_demo.cpp">
      <Filter>Archivos de origen</Filter>
    </ClCompile>
    <ClCompile Include="src\sdlutils\sdlutils_game.cpp">
      <Filter>Archivos de origen</Filter>
    </ClCompile>
    <ClCompile Include="src\sdlutils\SoundEffect.cpp">
      <Filter>Archivos de origen</Filter>
    </ClCompile>
    <ClCompile Include="src\sdlutils\Texture.cpp">
      <Filter>Archivos de origen</Filter>
    </ClCompile>
    <ClCompile Include="src\utils\Vector2D.cpp">
      <Filter>Archivos de origen</Filter>
    </ClCompile>
    <ClCompile Include="src\json\JSON.cpp">
      <Filter>Archivos de origen</Filter>
    </ClCompile>
    <ClCompile Include="src\json\json_demo.cpp">
      <Filter>Archivos de origen</Filter>
    </ClCompile>
    <ClCompile Include="src\json\JSONValue.cpp">
      <Filter>Archivos de origen</Filter>
    </ClCompile>
    <ClCompile Include="src\utils\assets.cpp">
      <Filter>Archivos de origen</Filter>
    </ClCompile>
    <ClCompile Include="src\scenes\MenuInicio.cpp">
      <Filter>Archivos de origen</Filter>
    </ClCompile>
    <ClCompile Include="src\components\LifeComponent.cpp">
      <Filter>Archivos de origen</Filter>
    </ClCompile>
  </ItemGroup>
  <ItemGroup>
    <ClInclude Include="src\game\Game.h">
      <Filter>Archivos de encabezado</Filter>
    </ClInclude>
    <ClInclude Include="src\sdlutils\Font.h">
      <Filter>Archivos de encabezado</Filter>
    </ClInclude>
    <ClInclude Include="src\sdlutils\InputHandler.h">
      <Filter>Archivos de encabezado</Filter>
    </ClInclude>
    <ClInclude Include="src\sdlutils\macros.h">
      <Filter>Archivos de encabezado</Filter>
    </ClInclude>
    <ClInclude Include="src\sdlutils\Music.h">
      <Filter>Archivos de encabezado</Filter>
    </ClInclude>
    <ClInclude Include="src\sdlutils\RandomNumberGenerator.h">
      <Filter>Archivos de encabezado</Filter>
    </ClInclude>
    <ClInclude Include="src\sdlutils\SDLNetUtils.h">
      <Filter>Archivos de encabezado</Filter>
    </ClInclude>
    <ClInclude Include="src\sdlutils\SDLUtils.h">
      <Filter>Archivos de encabezado</Filter>
    </ClInclude>
    <ClInclude Include="src\sdlutils\sdlutils_demo.h">
      <Filter>Archivos de encabezado</Filter>
    </ClInclude>
    <ClInclude Include="src\sdlutils\sdlutils_game.h">
      <Filter>Archivos de encabezado</Filter>
    </ClInclude>
    <ClInclude Include="src\sdlutils\SoundEffect.h">
      <Filter>Archivos de encabezado</Filter>
    </ClInclude>
    <ClInclude Include="src\sdlutils\Texture.h">
      <Filter>Archivos de encabezado</Filter>
    </ClInclude>
    <ClInclude Include="src\sdlutils\VirtualTimer.h">
      <Filter>Archivos de encabezado</Filter>
    </ClInclude>
    <ClInclude Include="src\utils\Singleton.h">
      <Filter>Archivos de encabezado</Filter>
    </ClInclude>
    <ClInclude Include="src\utils\Vector2D.h">
      <Filter>Archivos de encabezado</Filter>
    </ClInclude>
    <ClInclude Include="src\json\JSON.h">
      <Filter>Archivos de encabezado</Filter>
    </ClInclude>
    <ClInclude Include="src\json\json_demo.h">
      <Filter>Archivos de encabezado</Filter>
    </ClInclude>
    <ClInclude Include="src\json\JSONValue.h">
      <Filter>Archivos de encabezado</Filter>
    </ClInclude>
    <ClInclude Include="src\utils\assets.h">
      <Filter>Archivos de encabezado</Filter>
    </ClInclude>
    <ClInclude Include="src\scenes\MenuInicio.h">
      <Filter>Archivos de encabezado</Filter>
    </ClInclude>
    <ClInclude Include="src\components\LifeComponent.h">
      <Filter>Archivos de encabezado</Filter>
    </ClInclude>
  </ItemGroup>
  <ItemGroup>
    <None Include="src\sdlutils\RAEDME.md" />
    <None Include="resources\maps\tileMap_Prueba.tmx" />
    <None Include="src\sdlutils\RAEDME.md" />
  </ItemGroup>
</Project>